
Microsoft Visual Studio Solution File, Format Version 12.00
# Visual Studio Version 17
VisualStudioVersion = 17.3.32811.315
MinimumVisualStudioVersion = 10.0.40219.1
Project("{FAE04EC0-301F-11D3-BF4B-00C04F79EFBC}") = "WebApplication1", "WebApplication1\WebApplication1.csproj", "{A877505C-1530-4237-AFFE-7C5D213966F1}"
EndProject
Global
	GlobalSection(SolutionConfigurationPlatforms) = preSolution
		Debug|Any CPU = Debug|Any CPU
		Release|Any CPU = Release|Any CPU
	EndGlobalSection
	GlobalSection(ProjectConfigurationPlatforms) = postSolution
		{A877505C-1530-4237-AFFE-7C5D213966F1}.Debug|Any CPU.ActiveCfg = Debug|Any CPU
		{A877505C-1530-4237-AFFE-7C5D213966F1}.Debug|Any CPU.Build.0 = Debug|Any CPU
		{A877505C-1530-4237-AFFE-7C5D213966F1}.Release|Any CPU.ActiveCfg = Release|Any CPU
		{A877505C-1530-4237-AFFE-7C5D213966F1}.Release|Any CPU.Build.0 = Release|Any CPU
	EndGlobalSection
	GlobalSection(SolutionProperties) = preSolution
		HideSolutionNode = FALSE
	EndGlobalSection
	GlobalSection(ExtensibilityGlobals) = postSolution
		SolutionGuid = {952120C4-EB4A-4E31-BECF-BA8BD9BDDC7C}
	EndGlobalSection
EndGlobal
